{
  "name": "dashboard-project",
  "version": "1.0.0",
  "lockfileVersion": 3,
  "requires": true,
  "packages": {
    "": {
      "name": "dashboard-project",
      "version": "1.0.0",
      "license": "ISC",
      "dependencies": {
        "debug": "^4.4.1",
        "electron-store": "^10.1.0",
        "systeminformation": "^5.27.7",
        "youtube-dl-exec": "^3.0.25"
      }
    },
    "node_modules/@kikobeats/time-span": {
      "version": "1.0.9",
      "resolved": "https://registry.npmjs.org/@kikobeats/time-span/-/time-span-1.0.9.tgz",
      "integrity": "sha512-eMFnPMZfOwC3JpFJKVnpJ4Ife3w0iSL8Q3ktAZYwxP597g/LBIaRYeoN/9taQbZ4pp17xaeJ6rrKm2GLgeeeXA==",
      "license": "MIT",
      "engines": {
        "node": ">= 18"
      }
    },
    "node_modules/ajv": {
      "version": "8.17.1",
      "resolved": "https://registry.npmjs.org/ajv/-/ajv-8.17.1.tgz",
      "integrity": "sha512-B/gBuNg5SiMTrPkC+A2+cW0RszwxYmn6VYxB/inlBStS5nx6xHIt/ehKRhIMhqusl7a8LjQoZnjCs5vhwxOQ1g==",
      "license": "MIT",
      "dependencies": {
        "fast-deep-equal": "^3.1.3",
        "fast-uri": "^3.0.1",
        "json-schema-traverse": "^1.0.0",
        "require-from-string": "^2.0.2"
      },
      "funding": {
        "type": "github",
        "url": "https://github.com/sponsors/epoberezkin"
      }
    },
    "node_modules/ajv-formats": {
      "version": "3.0.1",
      "resolved": "https://registry.npmjs.org/ajv-formats/-/ajv-formats-3.0.1.tgz",
      "integrity": "sha512-8iUql50EUR+uUcdRQ3HDqa6EVyo3docL8g5WJ3FNcWmu62IbkGUue/pEyLBW8VGKKucTPgqeks4fIU1DA4yowQ==",
      "license": "MIT",
      "dependencies": {
        "ajv": "^8.0.0"
      },
      "peerDependencies": {
        "ajv": "^8.0.0"
      },
      "peerDependenciesMeta": {
        "ajv": {
          "optional": true
        }
      }
    },
    "node_modules/atomically": {
      "version": "2.0.3",
      "resolved": "https://registry.npmjs.org/atomically/-/atomically-2.0.3.tgz",
      "integrity": "sha512-kU6FmrwZ3Lx7/7y3hPS5QnbJfaohcIul5fGqf7ok+4KklIEk9tJ0C2IQPdacSbVUWv6zVHXEBWoWd6NrVMT7Cw==",
      "dependencies": {
        "stubborn-fs": "^1.2.5",
        "when-exit": "^2.1.1"
      }
    },
    "node_modules/binary-version": {
      "version": "7.1.0",
      "resolved": "https://registry.npmjs.org/binary-version/-/binary-version-7.1.0.tgz",
      "integrity": "sha512-Iy//vPc3ANPNlIWd242Npqc8MK0a/i4kVcHDlDA6HNMv5zMxz4ulIFhOSYJVKw/8AbHdHy0CnGYEt1QqSXxPsw==",
      "license": "MIT",
      "dependencies": {
        "execa": "^8.0.1",
        "find-versions": "^6.0.0"
      },
      "engines": {
        "node": ">=18"
      },
      "funding": {
        "url": "https://github.com/sponsors/sindresorhus"
      }
    },
    "node_modules/binary-version-check": {
      "version": "6.1.0",
      "resolved": "https://registry.npmjs.org/binary-version-check/-/binary-version-check-6.1.0.tgz",
      "integrity": "sha512-REKdLKmuViV2WrtWXvNSiPX04KbIjfUV3Cy8batUeOg+FtmowavzJorfFhWq95cVJzINnL/44ixP26TrdJZACA==",
      "license": "MIT",
      "dependencies": {
        "binary-version": "^7.1.0",
        "semver": "^7.6.0",
        "semver-truncate": "^3.0.0"
      },
      "engines": {
        "node": ">=18"
      },
      "funding": {
        "url": "https://github.com/sponsors/sindresorhus"
      }
    },
    "node_modules/conf": {
      "version": "14.0.0",
      "resolved": "https://registry.npmjs.org/conf/-/conf-14.0.0.tgz",
      "integrity": "sha512-L6BuueHTRuJHQvQVc6YXYZRtN5vJUtOdCTLn0tRYYV5azfbAFcPghB5zEE40mVrV6w7slMTqUfkDomutIK14fw==",
      "license": "MIT",
      "dependencies": {
        "ajv": "^8.17.1",
        "ajv-formats": "^3.0.1",
        "atomically": "^2.0.3",
        "debounce-fn": "^6.0.0",
        "dot-prop": "^9.0.0",
        "env-paths": "^3.0.0",
        "json-schema-typed": "^8.0.1",
        "semver": "^7.7.2",
        "uint8array-extras": "^1.4.0"
      },
      "engines": {
        "node": ">=20"
      },
      "funding": {
        "url": "https://github.com/sponsors/sindresorhus"
      }
    },
    "node_modules/convert-hrtime": {
      "version": "5.0.0",
      "resolved": "https://registry.npmjs.org/convert-hrtime/-/convert-hrtime-5.0.0.tgz",
      "integrity": "sha512-lOETlkIeYSJWcbbcvjRKGxVMXJR+8+OQb/mTPbA4ObPMytYIsUbuOE0Jzy60hjARYszq1id0j8KgVhC+WGZVTg==",
      "license": "MIT",
      "engines": {
        "node": ">=12"
      },
      "funding": {
        "url": "https://github.com/sponsors/sindresorhus"
      }
    },
    "node_modules/cross-spawn": {
      "version": "7.0.6",
      "resolved": "https://registry.npmjs.org/cross-spawn/-/cross-spawn-7.0.6.tgz",
      "integrity": "sha512-uV2QOWP2nWzsy2aMp8aRibhi9dlzF5Hgh5SHaB9OiTGEyDTiJJyx0uy51QXdyWbtAHNua4XJzUKca3OzKUd3vA==",
      "license": "MIT",
      "dependencies": {
        "path-key": "^3.1.0",
        "shebang-command": "^2.0.0",
        "which": "^2.0.1"
      },
      "engines": {
        "node": ">= 8"
      }
    },
    "node_modules/dargs": {
      "version": "7.0.0",
      "resolved": "https://registry.npmjs.org/dargs/-/dargs-7.0.0.tgz",
      "integrity": "sha512-2iy1EkLdlBzQGvbweYRFxmFath8+K7+AKB0TlhHWkNuH+TmovaMH/Wp7V7R4u7f4SnX3OgLsU9t1NI9ioDnUpg==",
      "license": "MIT",
      "engines": {
        "node": ">=8"
      }
    },
    "node_modules/debounce-fn": {
      "version": "6.0.0",
      "resolved": "https://registry.npmjs.org/debounce-fn/-/debounce-fn-6.0.0.tgz",
      "integrity": "sha512-rBMW+F2TXryBwB54Q0d8drNEI+TfoS9JpNTAoVpukbWEhjXQq4rySFYLaqXMFXwdv61Zb2OHtj5bviSoimqxRQ==",
      "license": "MIT",
      "dependencies": {
        "mimic-function": "^5.0.0"
      },
      "engines": {
        "node": ">=18"
      },
      "funding": {
        "url": "https://github.com/sponsors/sindresorhus"
      }
    },
    "node_modules/debug": {
      "version": "4.4.1",
      "resolved": "https://registry.npmjs.org/debug/-/debug-4.4.1.tgz",
      "integrity": "sha512-KcKCqiftBJcZr++7ykoDIEwSa3XWowTfNPo92BYxjXiyYEVrUQh2aLyhxBCwww+heortUFxEJYcRzosstTEBYQ==",
      "license": "MIT",
      "dependencies": {
        "ms": "^2.1.3"
      },
      "engines": {
        "node": ">=6.0"
      },
      "peerDependenciesMeta": {
        "supports-color": {
          "optional": true
        }
      }
    },
    "node_modules/debug-logfmt": {
      "version": "1.4.2",
      "resolved": "https://registry.npmjs.org/debug-logfmt/-/debug-logfmt-1.4.2.tgz",
      "integrity": "sha512-Ohv/5vHadFbb+fnqkJgt+7Wbs3TdxbtR09h9PiwnyCjnsBXYMGg50KYQYr8srIYAeSFuKDHnvjX6rVGw5qOgLg==",
      "license": "MIT",
      "dependencies": {
        "@kikobeats/time-span": "~1.0.5",
        "null-prototype-object": "~1.2.2",
        "pretty-ms": "~7.0.1"
      },
      "engines": {
        "node": ">= 8"
      }
    },
    "node_modules/dot-prop": {
      "version": "9.0.0",
      "resolved": "https://registry.npmjs.org/dot-prop/-/dot-prop-9.0.0.tgz",
      "integrity": "sha512-1gxPBJpI/pcjQhKgIU91II6Wkay+dLcN3M6rf2uwP8hRur3HtQXjVrdAK3sjC0piaEuxzMwjXChcETiJl47lAQ==",
      "license": "MIT",
      "dependencies": {
        "type-fest": "^4.18.2"
      },
      "engines": {
        "node": ">=18"
      },
      "funding": {
        "url": "https://github.com/sponsors/sindresorhus"
      }
    },
    "node_modules/electron-store": {
      "version": "10.1.0",
      "resolved": "https://registry.npmjs.org/electron-store/-/electron-store-10.1.0.tgz",
      "integrity": "sha512-oL8bRy7pVCLpwhmXy05Rh/L6O93+k9t6dqSw0+MckIc3OmCTZm6Mp04Q4f/J0rtu84Ky6ywkR8ivtGOmrq+16w==",
      "license": "MIT",
      "dependencies": {
        "conf": "^14.0.0",
        "type-fest": "^4.41.0"
      },
      "engines": {
        "node": ">=20"
      },
      "funding": {
        "url": "https://github.com/sponsors/sindresorhus"
      }
    },
    "node_modules/env-paths": {
      "version": "3.0.0",
      "resolved": "https://registry.npmjs.org/env-paths/-/env-paths-3.0.0.tgz",
      "integrity": "sha512-dtJUTepzMW3Lm/NPxRf3wP4642UWhjL2sQxc+ym2YMj1m/H2zDNQOlezafzkHwn6sMstjHTwG6iQQsctDW/b1A==",
      "license": "MIT",
      "engines": {
        "node": "^12.20.0 || ^14.13.1 || >=16.0.0"
      },
      "funding": {
        "url": "https://github.com/sponsors/sindresorhus"
      }
    },
    "node_modules/execa": {
      "version": "8.0.1",
      "resolved": "https://registry.npmjs.org/execa/-/execa-8.0.1.tgz",
      "integrity": "sha512-VyhnebXciFV2DESc+p6B+y0LjSm0krU4OgJN44qFAhBY0TJ+1V61tYD2+wHusZ6F9n5K+vl8k0sTy7PEfV4qpg==",
      "license": "MIT",
      "dependencies": {
        "cross-spawn": "^7.0.3",
        "get-stream": "^8.0.1",
        "human-signals": "^5.0.0",
        "is-stream": "^3.0.0",
        "merge-stream": "^2.0.0",
        "npm-run-path": "^5.1.0",
        "onetime": "^6.0.0",
        "signal-exit": "^4.1.0",
        "strip-final-newline": "^3.0.0"
      },
      "engines": {
        "node": ">=16.17"
      },
      "funding": {
        "url": "https://github.com/sindresorhus/execa?sponsor=1"
      }
    },
    "node_modules/fast-deep-equal": {
      "version": "3.1.3",
      "resolved": "https://registry.npmjs.org/fast-deep-equal/-/fast-deep-equal-3.1.3.tgz",
      "integrity": "sha512-f3qQ9oQy9j2AhBe/H9VC91wLmKBCCU/gDOnKNAYG5hswO7BLKj09Hc5HYNz9cGI++xlpDCIgDaitVs03ATR84Q==",
      "license": "MIT"
    },
    "node_modules/fast-uri": {
      "version": "3.0.6",
      "resolved": "https://registry.npmjs.org/fast-uri/-/fast-uri-3.0.6.tgz",
      "integrity": "sha512-Atfo14OibSv5wAp4VWNsFYE1AchQRTv9cBGWET4pZWHzYshFSS9NQI6I57rdKn9croWVMbYFbLhJ+yJvmZIIHw==",
      "funding": [
        {
          "type": "github",
          "url": "https://github.com/sponsors/fastify"
        },
        {
          "type": "opencollective",
          "url": "https://opencollective.com/fastify"
        }
      ],
      "license": "BSD-3-Clause"
    },
    "node_modules/find-versions": {
      "version": "6.0.0",
      "resolved": "https://registry.npmjs.org/find-versions/-/find-versions-6.0.0.tgz",
      "integrity": "sha512-2kCCtc+JvcZ86IGAz3Z2Y0A1baIz9fL31pH/0S1IqZr9Iwnjq8izfPtrCyQKO6TLMPELLsQMre7VDqeIKCsHkA==",
      "license": "MIT",
      "dependencies": {
        "semver-regex": "^4.0.5",
        "super-regex": "^1.0.0"
      },
      "engines": {
        "node": ">=18"
      },
      "funding": {
        "url": "https://github.com/sponsors/sindresorhus"
      }
    },
    "node_modules/function-timeout": {
      "version": "1.0.2",
      "resolved": "https://registry.npmjs.org/function-timeout/-/function-timeout-1.0.2.tgz",
      "integrity": "sha512-939eZS4gJ3htTHAldmyyuzlrD58P03fHG49v2JfFXbV6OhvZKRC9j2yAtdHw/zrp2zXHuv05zMIy40F0ge7spA==",
      "license": "MIT",
      "engines": {
        "node": ">=18"
      },
      "funding": {
        "url": "https://github.com/sponsors/sindresorhus"
      }
    },
    "node_modules/get-stream": {
      "version": "8.0.1",
      "resolved": "https://registry.npmjs.org/get-stream/-/get-stream-8.0.1.tgz",
      "integrity": "sha512-VaUJspBffn/LMCJVoMvSAdmscJyS1auj5Zulnn5UoYcY531UWmdwhRWkcGKnGU93m5HSXP9LP2usOryrBtQowA==",
      "license": "MIT",
      "engines": {
        "node": ">=16"
      },
      "funding": {
        "url": "https://github.com/sponsors/sindresorhus"
      }
    },
    "node_modules/human-signals": {
      "version": "5.0.0",
      "resolved": "https://registry.npmjs.org/human-signals/-/human-signals-5.0.0.tgz",
      "integrity": "sha512-AXcZb6vzzrFAUE61HnN4mpLqd/cSIwNQjtNWR0euPm6y0iqx3G4gOXaIDdtdDwZmhwe82LA6+zinmW4UBWVePQ==",
      "license": "Apache-2.0",
      "engines": {
        "node": ">=16.17.0"
      }
    },
    "node_modules/is-stream": {
      "version": "3.0.0",
      "resolved": "https://registry.npmjs.org/is-stream/-/is-stream-3.0.0.tgz",
      "integrity": "sha512-LnQR4bZ9IADDRSkvpqMGvt/tEJWclzklNgSw48V5EAaAeDd6qGvN8ei6k5p0tvxSR171VmGyHuTiAOfxAbr8kA==",
      "license": "MIT",
      "engines": {
        "node": "^12.20.0 || ^14.13.1 || >=16.0.0"
      },
      "funding": {
        "url": "https://github.com/sponsors/sindresorhus"
      }
    },
    "node_modules/is-unix": {
      "version": "2.0.11",
      "resolved": "https://registry.npmjs.org/is-unix/-/is-unix-2.0.11.tgz",
      "integrity": "sha512-Y+MzlUB98w1dE2KRC8/gwXeUOThh2aKYQEHUuHD5FfvNbVBRIJCJCKG7xF9NS+J2CV2pzwsL3WvZ4pGQS3TcBg==",
      "license": "MIT",
      "engines": {
        "node": ">= 12"
      }
    },
    "node_modules/isexe": {
      "version": "2.0.0",
      "resolved": "https://registry.npmjs.org/isexe/-/isexe-2.0.0.tgz",
      "integrity": "sha512-RHxMLp9lnKHGHRng9QFhRCMbYAcVpn69smSGcq3f36xjgVVWThj4qqLbTLlq7Ssj8B+fIQ1EuCEGI2lKsyQeIw==",
      "license": "ISC"
    },
    "node_modules/json-schema-traverse": {
      "version": "1.0.0",
      "resolved": "https://registry.npmjs.org/json-schema-traverse/-/json-schema-traverse-1.0.0.tgz",
      "integrity": "sha512-NM8/P9n3XjXhIZn1lLhkFaACTOURQXjWhV4BA/RnOv8xvgqtqpAX9IO4mRQxSx1Rlo4tqzeqb0sOlruaOy3dug==",
      "license": "MIT"
    },
    "node_modules/json-schema-typed": {
      "version": "8.0.1",
      "resolved": "https://registry.npmjs.org/json-schema-typed/-/json-schema-typed-8.0.1.tgz",
      "integrity": "sha512-XQmWYj2Sm4kn4WeTYvmpKEbyPsL7nBsb647c7pMe6l02/yx2+Jfc4dT6UZkEXnIUb5LhD55r2HPsJ1milQ4rDg==",
      "license": "BSD-2-Clause"
    },
    "node_modules/merge-stream": {
      "version": "2.0.0",
      "resolved": "https://registry.npmjs.org/merge-stream/-/merge-stream-2.0.0.tgz",
      "integrity": "sha512-abv/qOcuPfk3URPfDzmZU1LKmuw8kT+0nIHvKrKgFrwifol/doWcdA4ZqsWQ8ENrFKkd67Mfpo/LovbIUsbt3w==",
      "license": "MIT"
    },
    "node_modules/mimic-fn": {
      "version": "4.0.0",
      "resolved": "https://registry.npmjs.org/mimic-fn/-/mimic-fn-4.0.0.tgz",
      "integrity": "sha512-vqiC06CuhBTUdZH+RYl8sFrL096vA45Ok5ISO6sE/Mr1jRbGH4Csnhi8f3wKVl7x8mO4Au7Ir9D3Oyv1VYMFJw==",
      "license": "MIT",
      "engines": {
        "node": ">=12"
      },
      "funding": {
        "url": "https://github.com/sponsors/sindresorhus"
      }
    },
    "node_modules/mimic-function": {
      "version": "5.0.1",
      "resolved": "https://registry.npmjs.org/mimic-function/-/mimic-function-5.0.1.tgz",
      "integrity": "sha512-VP79XUPxV2CigYP3jWwAUFSku2aKqBH7uTAapFWCBqutsbmDo96KY5o8uh6U+/YSIn5OxJnXp73beVkpqMIGhA==",
      "license": "MIT",
      "engines": {
        "node": ">=18"
      },
      "funding": {
        "url": "https://github.com/sponsors/sindresorhus"
      }
    },
    "node_modules/ms": {
      "version": "2.1.3",
      "resolved": "https://registry.npmjs.org/ms/-/ms-2.1.3.tgz",
      "integrity": "sha512-6FlzubTLZG3J2a/NVCAleEhjzq5oxgHyaCU9yYXvcLsvoVaHJq/s5xXI6/XXP6tz7R9xAOtHnSO/tXtF3WRTlA==",
      "license": "MIT"
    },
    "node_modules/npm-run-path": {
      "version": "5.3.0",
      "resolved": "https://registry.npmjs.org/npm-run-path/-/npm-run-path-5.3.0.tgz",
      "integrity": "sha512-ppwTtiJZq0O/ai0z7yfudtBpWIoxM8yE6nHi1X47eFR2EWORqfbu6CnPlNsjeN683eT0qG6H/Pyf9fCcvjnnnQ==",
      "license": "MIT",
      "dependencies": {
        "path-key": "^4.0.0"
      },
      "engines": {
        "node": "^12.20.0 || ^14.13.1 || >=16.0.0"
      },
      "funding": {
        "url": "https://github.com/sponsors/sindresorhus"
      }
    },
    "node_modules/npm-run-path/node_modules/path-key": {
      "version": "4.0.0",
      "resolved": "https://registry.npmjs.org/path-key/-/path-key-4.0.0.tgz",
      "integrity": "sha512-haREypq7xkM7ErfgIyA0z+Bj4AGKlMSdlQE2jvJo6huWD1EdkKYV+G/T4nq0YEF2vgTT8kqMFKo1uHn950r4SQ==",
      "license": "MIT",
      "engines": {
        "node": ">=12"
      },
      "funding": {
        "url": "https://github.com/sponsors/sindresorhus"
      }
    },
    "node_modules/null-prototype-object": {
      "version": "1.2.2",
      "resolved": "https://registry.npmjs.org/null-prototype-object/-/null-prototype-object-1.2.2.tgz",
      "integrity": "sha512-JhzIvS2Z8GKpDO5E/Usry9EGP8gznHSyPVY9a4Uv98OnkbYSe4qvge97/DeDdejICnb7YTW7fSvbcMSKCuVrMA==",
      "license": "MIT",
      "engines": {
        "node": ">= 20"
      }
    },
    "node_modules/onetime": {
      "version": "6.0.0",
      "resolved": "https://registry.npmjs.org/onetime/-/onetime-6.0.0.tgz",
      "integrity": "sha512-1FlR+gjXK7X+AsAHso35MnyN5KqGwJRi/31ft6x0M194ht7S+rWAvd7PHss9xSKMzE0asv1pyIHaJYq+BbacAQ==",
      "license": "MIT",
      "dependencies": {
        "mimic-fn": "^4.0.0"
      },
      "engines": {
        "node": ">=12"
      },
      "funding": {
        "url": "https://github.com/sponsors/sindresorhus"
      }
    },
    "node_modules/parse-ms": {
      "version": "2.1.0",
      "resolved": "https://registry.npmjs.org/parse-ms/-/parse-ms-2.1.0.tgz",
      "integrity": "sha512-kHt7kzLoS9VBZfUsiKjv43mr91ea+U05EyKkEtqp7vNbHxmaVuEqN7XxeEVnGrMtYOAxGrDElSi96K7EgO1zCA==",
      "license": "MIT",
      "engines": {
        "node": ">=6"
      }
    },
    "node_modules/path-key": {
      "version": "3.1.1",
      "resolved": "https://registry.npmjs.org/path-key/-/path-key-3.1.1.tgz",
      "integrity": "sha512-ojmeN0qd+y0jszEtoY48r0Peq5dwMEkIlCOu6Q5f41lfkswXuKtYrhgoTpLnyIcHm24Uhqx+5Tqm2InSwLhE6Q==",
      "license": "MIT",
      "engines": {
        "node": ">=8"
      }
    },
    "node_modules/pretty-ms": {
      "version": "7.0.1",
      "resolved": "https://registry.npmjs.org/pretty-ms/-/pretty-ms-7.0.1.tgz",
      "integrity": "sha512-973driJZvxiGOQ5ONsFhOF/DtzPMOMtgC11kCpUrPGMTgqp2q/1gwzCquocrN33is0VZ5GFHXZYMM9l6h67v2Q==",
      "license": "MIT",
      "dependencies": {
        "parse-ms": "^2.1.0"
      },
      "engines": {
        "node": ">=10"
      },
      "funding": {
        "url": "https://github.com/sponsors/sindresorhus"
      }
    },
    "node_modules/require-from-string": {
      "version": "2.0.2",
      "resolved": "https://registry.npmjs.org/require-from-string/-/require-from-string-2.0.2.tgz",
      "integrity": "sha512-Xf0nWe6RseziFMu+Ap9biiUbmplq6S9/p+7w7YXP/JBHhrUDDUhwa+vANyubuqfZWTveU//DYVGsDG7RKL/vEw==",
      "license": "MIT",
      "engines": {
        "node": ">=0.10.0"
      }
    },
    "node_modules/semver": {
      "version": "7.7.2",
      "resolved": "https://registry.npmjs.org/semver/-/semver-7.7.2.tgz",
      "integrity": "sha512-RF0Fw+rO5AMf9MAyaRXI4AV0Ulj5lMHqVxxdSgiVbixSCXoEmmX/jk0CuJw4+3SqroYO9VoUh+HcuJivvtJemA==",
      "license": "ISC",
      "bin": {
        "semver": "bin/semver.js"
      },
      "engines": {
        "node": ">=10"
      }
    },
    "node_modules/semver-regex": {
      "version": "4.0.5",
      "resolved": "https://registry.npmjs.org/semver-regex/-/semver-regex-4.0.5.tgz",
      "integrity": "sha512-hunMQrEy1T6Jr2uEVjrAIqjwWcQTgOAcIM52C8MY1EZSD3DDNft04XzvYKPqjED65bNVVko0YI38nYeEHCX3yw==",
      "license": "MIT",
      "engines": {
        "node": ">=12"
      },
      "funding": {
        "url": "https://github.com/sponsors/sindresorhus"
      }
    },
    "node_modules/semver-truncate": {
      "version": "3.0.0",
      "resolved": "https://registry.npmjs.org/semver-truncate/-/semver-truncate-3.0.0.tgz",
      "integrity": "sha512-LJWA9kSvMolR51oDE6PN3kALBNaUdkxzAGcexw8gjMA8xr5zUqK0JiR3CgARSqanYF3Z1YHvsErb1KDgh+v7Rg==",
      "license": "MIT",
      "dependencies": {
        "semver": "^7.3.5"
      },
      "engines": {
        "node": ">=12"
      },
      "funding": {
        "url": "https://github.com/sponsors/sindresorhus"
      }
    },
    "node_modules/shebang-command": {
      "version": "2.0.0",
      "resolved": "https://registry.npmjs.org/shebang-command/-/shebang-command-2.0.0.tgz",
      "integrity": "sha512-kHxr2zZpYtdmrN1qDjrrX/Z1rR1kG8Dx+gkpK1G4eXmvXswmcE1hTWBWYUzlraYw1/yZp6YuDY77YtvbN0dmDA==",
      "license": "MIT",
      "dependencies": {
        "shebang-regex": "^3.0.0"
      },
      "engines": {
        "node": ">=8"
      }
    },
    "node_modules/shebang-regex": {
      "version": "3.0.0",
      "resolved": "https://registry.npmjs.org/shebang-regex/-/shebang-regex-3.0.0.tgz",
      "integrity": "sha512-7++dFhtcx3353uBaq8DDR4NuxBetBzC7ZQOhmTQInHEd6bSrXdiEyzCvG07Z44UYdLShWUyXt5M/yhz8ekcb1A==",
      "license": "MIT",
      "engines": {
        "node": ">=8"
      }
    },
    "node_modules/signal-exit": {
      "version": "4.1.0",
      "resolved": "https://registry.npmjs.org/signal-exit/-/signal-exit-4.1.0.tgz",
      "integrity": "sha512-bzyZ1e88w9O1iNJbKnOlvYTrWPDl46O1bG0D3XInv+9tkPrxrN8jUUTiFlDkkmKWgn1M6CfIA13SuGqOa9Korw==",
      "license": "ISC",
      "engines": {
        "node": ">=14"
      },
      "funding": {
        "url": "https://github.com/sponsors/isaacs"
      }
    },
    "node_modules/strip-final-newline": {
      "version": "3.0.0",
      "resolved": "https://registry.npmjs.org/strip-final-newline/-/strip-final-newline-3.0.0.tgz",
      "integrity": "sha512-dOESqjYr96iWYylGObzd39EuNTa5VJxyvVAEm5Jnh7KGo75V43Hk1odPQkNDyXNmUR6k+gEiDVXnjB8HJ3crXw==",
      "license": "MIT",
      "engines": {
        "node": ">=12"
      },
      "funding": {
        "url": "https://github.com/sponsors/sindresorhus"
      }
    },
    "node_modules/stubborn-fs": {
      "version": "1.2.5",
      "resolved": "https://registry.npmjs.org/stubborn-fs/-/stubborn-fs-1.2.5.tgz",
      "integrity": "sha512-H2N9c26eXjzL/S/K+i/RHHcFanE74dptvvjM8iwzwbVcWY/zjBbgRqF3K0DY4+OD+uTTASTBvDoxPDaPN02D7g=="
    },
    "node_modules/super-regex": {
      "version": "1.0.0",
      "resolved": "https://registry.npmjs.org/super-regex/-/super-regex-1.0.0.tgz",
      "integrity": "sha512-CY8u7DtbvucKuquCmOFEKhr9Besln7n9uN8eFbwcoGYWXOMW07u2o8njWaiXt11ylS3qoGF55pILjRmPlbodyg==",
      "license": "MIT",
      "dependencies": {
        "function-timeout": "^1.0.1",
        "time-span": "^5.1.0"
      },
      "engines": {
        "node": ">=18"
      },
      "funding": {
        "url": "https://github.com/sponsors/sindresorhus"
      }
    },
    "node_modules/systeminformation": {
      "version": "5.27.7",
      "resolved": "https://registry.npmjs.org/systeminformation/-/systeminformation-5.27.7.tgz",
      "integrity": "sha512-saaqOoVEEFaux4v0K8Q7caiauRwjXC4XbD2eH60dxHXbpKxQ8kH9Rf7Jh+nryKpOUSEFxtCdBlSUx0/lO6rwRg==",
      "license": "MIT",
      "os": [
        "darwin",
        "linux",
        "win32",
        "freebsd",
        "openbsd",
        "netbsd",
        "sunos",
        "android"
      ],
      "bin": {
        "systeminformation": "lib/cli.js"
      },
      "engines": {
        "node": ">=8.0.0"
      },
      "funding": {
        "type": "Buy me a coffee",
        "url": "https://www.buymeacoffee.com/systeminfo"
      }
    },
    "node_modules/time-span": {
      "version": "5.1.0",
      "resolved": "https://registry.npmjs.org/time-span/-/time-span-5.1.0.tgz",
      "integrity": "sha512-75voc/9G4rDIJleOo4jPvN4/YC4GRZrY8yy1uU4lwrB3XEQbWve8zXoO5No4eFrGcTAMYyoY67p8jRQdtA1HbA==",
      "license": "MIT",
      "dependencies": {
        "convert-hrtime": "^5.0.0"
      },
      "engines": {
        "node": ">=12"
      },
      "funding": {
        "url": "https://github.com/sponsors/sindresorhus"
      }
    },
    "node_modules/tinyspawn": {
      "version": "1.5.2",
      "resolved": "https://registry.npmjs.org/tinyspawn/-/tinyspawn-1.5.2.tgz",
      "integrity": "sha512-9Fg/oKXmYf79eiJeIXZCf5GefgHWiteowiB9CMlYafgr8jSxhAAbPrIisP3exafZGsYO3KHYe+kphUAmjv5xLQ==",
      "license": "MIT",
      "engines": {
        "node": ">= 18"
      }
    },
    "node_modules/type-fest": {
      "version": "4.41.0",
      "resolved": "https://registry.npmjs.org/type-fest/-/type-fest-4.41.0.tgz",
      "integrity": "sha512-TeTSQ6H5YHvpqVwBRcnLDCBnDOHWYu7IvGbHT6N8AOymcr9PJGjc1GTtiWZTYg0NCgYwvnYWEkVChQAr9bjfwA==",
      "license": "(MIT OR CC0-1.0)",
      "engines": {
        "node": ">=16"
      },
      "funding": {
        "url": "https://github.com/sponsors/sindresorhus"
      }
    },
    "node_modules/uint8array-extras": {
      "version": "1.4.0",
      "resolved": "https://registry.npmjs.org/uint8array-extras/-/uint8array-extras-1.4.0.tgz",
      "integrity": "sha512-ZPtzy0hu4cZjv3z5NW9gfKnNLjoz4y6uv4HlelAjDK7sY/xOkKZv9xK/WQpcsBB3jEybChz9DPC2U/+cusjJVQ==",
      "license": "MIT",
      "engines": {
        "node": ">=18"
      },
      "funding": {
        "url": "https://github.com/sponsors/sindresorhus"
      }
    },
    "node_modules/when-exit": {
      "version": "2.1.4",
      "resolved": "https://registry.npmjs.org/when-exit/-/when-exit-2.1.4.tgz",
      "integrity": "sha512-4rnvd3A1t16PWzrBUcSDZqcAmsUIy4minDXT/CZ8F2mVDgd65i4Aalimgz1aQkRGU0iH5eT5+6Rx2TK8o443Pg==",
      "license": "MIT"
    },
    "node_modules/which": {
      "version": "2.0.2",
      "resolved": "https://registry.npmjs.org/which/-/which-2.0.2.tgz",
      "integrity": "sha512-BLI3Tl1TW3Pvl70l3yq3Y64i+awpwXqsGBYWkkqMtnbXgrMD+yj7rhW0kuEDxzJaYXGjEW5ogapKNMEKNMjibA==",
      "license": "ISC",
      "dependencies": {
        "isexe": "^2.0.0"
      },
      "bin": {
        "node-which": "bin/node-which"
      },
      "engines": {
        "node": ">= 8"
      }
    },
    "node_modules/youtube-dl-exec": {
      "version": "3.0.25",
      "resolved": "https://registry.npmjs.org/youtube-dl-exec/-/youtube-dl-exec-3.0.25.tgz",
      "integrity": "sha512-z/70hivzKHrscdHnOo2ANXQgrs9eD/uf5MzgE2AqS+AN/lizEOXlxf37CaAJNKwZMghkEAzW9yWr2NodJZjd9Q==",
      "hasInstallScript": true,
      "license": "MIT",
      "dependencies": {
        "binary-version-check": "~6.1.0",
        "dargs": "~7.0.0",
        "debug-logfmt": "~1.4.0",
        "is-unix": "~2.0.10",
        "tinyspawn": "~1.5.0"
      },
      "engines": {
        "node": ">= 18"
      }
    }
  }
}
